Microsoft Visual Studio Solution File, Format Version 12.00
# Visual Studio Version 17
VisualStudioVersion = 17.5.2.0
MinimumVisualStudioVersion = 10.0.40219.1
Project("{FAE04EC0-301F-11D3-BF4B-00C04F79EFBC}") = "BrasilBurger_C#", "BrasilBurger_C#.csproj", "{E261C235-E024-BB24-AC34-97FF7C5EB125}"
EndProject
Global
	GlobalSection(SolutionConfigurationPlatforms) = preSolution
		Debug|Any CPU = Debug|Any CPU
		Release|Any CPU = Release|Any CPU
	EndGlobalSection
	GlobalSection(ProjectConfigurationPlatforms) = postSolution
		{E261C235-E024-BB24-AC34-97FF7C5EB125}.Debug|Any CPU.ActiveCfg = Debug|Any CPU
		{E261C235-E024-BB24-AC34-97FF7C5EB125}.Debug|Any CPU.Build.0 = Debug|Any CPU
		{E261C235-E024-BB24-AC34-97FF7C5EB125}.Release|Any CPU.ActiveCfg = Release|Any CPU
		{E261C235-E024-BB24-AC34-97FF7C5EB125}.Release|Any CPU.Build.0 = Release|Any CPU
	EndGlobalSection
	GlobalSection(SolutionProperties) = preSolution
		HideSolutionNode = FALSE
	EndGlobalSection
	GlobalSection(ExtensibilityGlobals) = postSolution
		SolutionGuid = {0BD4CD4D-CE67-464F-B2B4-2895D2BFE909}
	EndGlobalSection
EndGlobal
